
Microsoft Visual Studio Solution File, Format Version 12.00
# Visual Studio Version 17
VisualStudioVersion = 17.6.33829.357
MinimumVisualStudioVersion = 10.0.40219.1
Project("{9092AA53-FB77-4645-B42D-1CCCA6BD08BD}") = "AutoPack", "AutoPack.njsproj", "{2E8F39AB-601C-4A62-AB4B-926FA552D0D1}"
EndProject
Global
	GlobalSection(SolutionConfigurationPlatforms) = preSolution
		Debug|Any CPU = Debug|Any CPU
		Release|Any CPU = Release|Any CPU
	EndGlobalSection
	GlobalSection(ProjectConfigurationPlatforms) = postSolution
		{2E8F39AB-601C-4A62-AB4B-926FA552D0D1}.Debug|Any CPU.ActiveCfg = Debug|Any CPU
		{2E8F39AB-601C-4A62-AB4B-926FA552D0D1}.Debug|Any CPU.Build.0 = Debug|Any CPU
		{2E8F39AB-601C-4A62-AB4B-926FA552D0D1}.Release|Any CPU.ActiveCfg = Release|Any CPU
		{2E8F39AB-601C-4A62-AB4B-926FA552D0D1}.Release|Any CPU.Build.0 = Release|Any CPU
	EndGlobalSection
	GlobalSection(SolutionProperties) = preSolution
		HideSolutionNode = FALSE
	EndGlobalSection
	GlobalSection(ExtensibilityGlobals) = postSolution
		SolutionGuid = {69405D33-D6DC-4A09-B84E-082BD804B58C}
	EndGlobalSection
EndGlobal
